# generated by rye
# use `rye lock` or `rye sync` to update this lockfile
#
# last locked with the following flags:
#   pre: false
#   features: []
#   all-features: false
#   with-sources: false
#   generate-hashes: false
#   universal: false

-e file:.
black==25.1.0
build==1.2.2.post1
click==8.2.1
    # via black
coverage==7.9.1
    # via pytest-cov
execnet==2.1.1
    # via pytest-xdist
flake8==7.3.0
iniconfig==2.1.0
    # via pytest
mccabe==0.7.0
    # via flake8
mypy==1.16.1
mypy-extensions==1.1.0
    # via black
    # via mypy
packaging==25.0
    # via black
    # via build
    # via pytest
pathspec==0.12.1
    # via black
    # via mypy
platformdirs==4.3.8
    # via black
pluggy==1.6.0
    # via pytest
    # via pytest-cov
psycopg==3.2.9
psycopg-binary==3.2.9
psycopg-pool==3.2.6
pycodestyle==2.14.0
    # via flake8
pyflakes==3.4.0
    # via flake8
pygments==2.19.1
    # via pytest
pyproject-hooks==1.2.0
    # via build
pytest==8.4.1
    # via pytest-asyncio
    # via pytest-cov
    # via pytest-mock
    # via pytest-xdist
pytest-asyncio==1.0.0
pytest-cov==6.2.1
pytest-mock==3.14.1
pytest-xdist==3.7.0
typing-extensions==4.14.0
    # via mypy
    # via psycopg
    # via psycopg-pool
